
Microsoft Visual Studio Solution File, Format Version 12.00
# Visual Studio 15
VisualStudioVersion = 15.0.28010.2016
MinimumVisualStudioVersion = 10.0.40219.1
Project("{FAE04EC0-301F-11D3-BF4B-00C04F79EFBC}") = "CarLogging", "CarLogging\CarLogging.csproj", "{91CE953C-381D-4CDD-B9B4-89F9F4D0F34A}"
EndProject
Global
	GlobalSection(SolutionConfigurationPlatforms) = preSolution
		Debug|Any CPU = Debug|Any CPU
		Release|Any CPU = Release|Any CPU
	EndGlobalSection
	GlobalSection(ProjectConfigurationPlatforms) = postSolution
		{91CE953C-381D-4CDD-B9B4-89F9F4D0F34A}.Debug|Any CPU.ActiveCfg = Debug|Any CPU
		{91CE953C-381D-4CDD-B9B4-89F9F4D0F34A}.Debug|Any CPU.Build.0 = Debug|Any CPU
		{91CE953C-381D-4CDD-B9B4-89F9F4D0F34A}.Release|Any CPU.ActiveCfg = Release|Any CPU
		{91CE953C-381D-4CDD-B9B4-89F9F4D0F34A}.Release|Any CPU.Build.0 = Release|Any CPU
	EndGlobalSection
	GlobalSection(SolutionProperties) = preSolution
		HideSolutionNode = FALSE
	EndGlobalSection
	GlobalSection(ExtensibilityGlobals) = postSolution
		SolutionGuid = {6F534C01-65BF-467E-B8C9-8BAADF173F3C}
	EndGlobalSection
EndGlobal
